
Microsoft Visual Studio Solution File, Format Version 12.00
# Visual Studio Version 17
VisualStudioVersion = 17.2.32526.322
MinimumVisualStudioVersion = 10.0.40219.1
Project("{FAE04EC0-301F-11D3-BF4B-00C04F79EFBC}") = "Exercicio1", "Exercicio1\Exercicio1.csproj", "{FB1D7596-45B6-432E-A950-E1C9A9B8FE0A}"
EndProject
Project("{FAE04EC0-301F-11D3-BF4B-00C04F79EFBC}") = "Exercicio2", "Exercicio2\Exercicio2.csproj", "{01239124-C8A7-42CD-9BDC-CA9BD2EA78C8}"
EndProject
Project("{FAE04EC0-301F-11D3-BF4B-00C04F79EFBC}") = "Exercicio3", "Exercicio3\Exercicio3.csproj", "{7A938F3B-8112-4A3F-A9D5-D0A4F45DB0EC}"
EndProject
Project("{FAE04EC0-301F-11D3-BF4B-00C04F79EFBC}") = "Exercicio4", "Exercicio4\Exercicio4.csproj", "{66DBCA23-278B-4030-BC4A-3726FB94CD38}"
EndProject
Global
	GlobalSection(SolutionConfigurationPlatforms) = preSolution
		Debug|Any CPU = Debug|Any CPU
		Release|Any CPU = Release|Any CPU
	EndGlobalSection
	GlobalSection(ProjectConfigurationPlatforms) = postSolution
		{FB1D7596-45B6-432E-A950-E1C9A9B8FE0A}.Debug|Any CPU.ActiveCfg = Debug|Any CPU
		{FB1D7596-45B6-432E-A950-E1C9A9B8FE0A}.Debug|Any CPU.Build.0 = Debug|Any CPU
		{FB1D7596-45B6-432E-A950-E1C9A9B8FE0A}.Release|Any CPU.ActiveCfg = Release|Any CPU
		{FB1D7596-45B6-432E-A950-E1C9A9B8FE0A}.Release|Any CPU.Build.0 = Release|Any CPU
		{01239124-C8A7-42CD-9BDC-CA9BD2EA78C8}.Debug|Any CPU.ActiveCfg = Debug|Any CPU
		{01239124-C8A7-42CD-9BDC-CA9BD2EA78C8}.Debug|Any CPU.Build.0 = Debug|Any CPU
		{01239124-C8A7-42CD-9BDC-CA9BD2EA78C8}.Release|Any CPU.ActiveCfg = Release|Any CPU
		{01239124-C8A7-42CD-9BDC-CA9BD2EA78C8}.Release|Any CPU.Build.0 = Release|Any CPU
		{7A938F3B-8112-4A3F-A9D5-D0A4F45DB0EC}.Debug|Any CPU.ActiveCfg = Debug|Any CPU
		{7A938F3B-8112-4A3F-A9D5-D0A4F45DB0EC}.Debug|Any CPU.Build.0 = Debug|Any CPU
		{7A938F3B-8112-4A3F-A9D5-D0A4F45DB0EC}.Release|Any CPU.ActiveCfg = Release|Any CPU
		{7A938F3B-8112-4A3F-A9D5-D0A4F45DB0EC}.Release|Any CPU.Build.0 = Release|Any CPU
		{66DBCA23-278B-4030-BC4A-3726FB94CD38}.Debug|Any CPU.ActiveCfg = Debug|Any CPU
		{66DBCA23-278B-4030-BC4A-3726FB94CD38}.Debug|Any CPU.Build.0 = Debug|Any CPU
		{66DBCA23-278B-4030-BC4A-3726FB94CD38}.Release|Any CPU.ActiveCfg = Release|Any CPU
		{66DBCA23-278B-4030-BC4A-3726FB94CD38}.Release|Any CPU.Build.0 = Release|Any CPU
	EndGlobalSection
	GlobalSection(SolutionProperties) = preSolution
		HideSolutionNode = FALSE
	EndGlobalSection
	GlobalSection(ExtensibilityGlobals) = postSolution
		SolutionGuid = {51FAC3D1-7E38-405E-97C2-B43FA280AB44}
	EndGlobalSection
EndGlobal
